
Microsoft Visual Studio Solution File, Format Version 12.00
# Visual Studio Version 16
VisualStudioVersion = 16.0.30503.244
MinimumVisualStudioVersion = 10.0.40219.1
Project("{FAE04EC0-301F-11D3-BF4B-00C04F79EFBC}") = "CabInvoiceGenerator", "CabInvoiceGenerator\CabInvoiceGenerator.csproj", "{89C32510-5850-4AFE-BA8E-01009607B616}"
EndProject
Project("{FAE04EC0-301F-11D3-BF4B-00C04F79EFBC}") = "CabInvoiceGeneratorTest", "CabInvoiceGeneratorTest\CabInvoiceGeneratorTest.csproj", "{4FE657B0-E9D4-4230-A4CC-BF680A9F2A9B}"
EndProject
Global
	GlobalSection(SolutionConfigurationPlatforms) = preSolution
		Debug|Any CPU = Debug|Any CPU
		Release|Any CPU = Release|Any CPU
	EndGlobalSection
	GlobalSection(ProjectConfigurationPlatforms) = postSolution
		{89C32510-5850-4AFE-BA8E-01009607B616}.Debug|Any CPU.ActiveCfg = Release|Any CPU
		{89C32510-5850-4AFE-BA8E-01009607B616}.Debug|Any CPU.Build.0 = Release|Any CPU
		{89C32510-5850-4AFE-BA8E-01009607B616}.Release|Any CPU.ActiveCfg = Release|Any CPU
		{89C32510-5850-4AFE-BA8E-01009607B616}.Release|Any CPU.Build.0 = Release|Any CPU
		{4FE657B0-E9D4-4230-A4CC-BF680A9F2A9B}.Debug|Any CPU.ActiveCfg = Debug|Any CPU
		{4FE657B0-E9D4-4230-A4CC-BF680A9F2A9B}.Debug|Any CPU.Build.0 = Debug|Any CPU
		{4FE657B0-E9D4-4230-A4CC-BF680A9F2A9B}.Release|Any CPU.ActiveCfg = Release|Any CPU
		{4FE657B0-E9D4-4230-A4CC-BF680A9F2A9B}.Release|Any CPU.Build.0 = Release|Any CPU
	EndGlobalSection
	GlobalSection(SolutionProperties) = preSolution
		HideSolutionNode = FALSE
	EndGlobalSection
	GlobalSection(ExtensibilityGlobals) = postSolution
		SolutionGuid = {B175BBEA-0B30-4782-84BE-30AC6F261AEE}
	EndGlobalSection
EndGlobal
